// !$*UTF8*$!
{
	archiveVersion = 1;
	classes = {
	};
	objectVersion = 56;
	objects = {

/* Begin PBXBuildFile section */
		90518FAF2971BE0A00945A0B /* AppDelegate.swift in Sources */ = {isa = PBXBuildFile; fileRef = 90518FAE2971BE0A00945A0B /* AppDelegate.swift */; };
		90518FB12971BE0A00945A0B /* SceneDelegate.swift in Sources */ = {isa = PBXBuildFile; fileRef = 90518FB02971BE0A00945A0B /* SceneDelegate.swift */; };
		90518FB32971BE0A00945A0B /* ViewController.swift in Sources */ = {isa = PBXBuildFile; fileRef = 90518FB22971BE0A00945A0B /* ViewController.swift */; };
		90518FB62971BE0A00945A0B /* Main.storyboard in Resources */ = {isa = PBXBuildFile; fileRef = 90518FB42971BE0A00945A0B /* Main.storyboard */; };
		90518FB82971BE1100945A0B /* Assets.xcassets in Resources */ = {isa = PBXBuildFile; fileRef = 90518FB72971BE1100945A0B /* Assets.xcassets */; };
		90518FBB2971BE1100945A0B /* LaunchScreen.storyboard in Resources */ = {isa = PBXBuildFile; fileRef = 90518FB92971BE1100945A0B /* LaunchScreen.storyboard */; };
		90518FC62971BE1100945A0B /* imageviewdemoTests.swift in Sources */ = {isa = PBXBuildFile; fileRef = 90518FC52971BE1100945A0B /* imageviewdemoTests.swift */; };
		90518FD02971BE1100945A0B /* imageviewdemoUITests.swift in Sources */ = {isa = PBXBuildFile; fileRef = 90518FCF2971BE1100945A0B /* imageviewdemoUITests.swift */; };
		90518FD22971BE1100945A0B /* imageviewdemoUITestsLaunchTests.swift in Sources */ = {isa = PBXBuildFile; fileRef = 90518FD12971BE1100945A0B /* imageviewdemoUITestsLaunchTests.swift */; };
/* End PBXBuildFile section */

/* Begin PBXContainerItemProxy section */
		90518FC22971BE1100945A0B /* PBXContainerItemProxy */ = {
			isa = PBXContainerItemProxy;
			containerPortal = 90518FA32971BE0A00945A0B /* Project object */;
			proxyType = 1;
			remoteGlobalIDString = 90518FAA2971BE0A00945A0B;
			remoteInfo = imageviewdemo;
		};
		90518FCC2971BE1100945A0B /* PBXContainerItemProxy */ = {
			isa = PBXContainerItemProxy;
			containerPortal = 90518FA32971BE0A00945A0B /* Project object */;
			proxyType = 1;
			remoteGlobalIDString = 90518FAA2971BE0A00945A0B;
			remoteInfo = imageviewdemo;
		};
/* End PBXContainerItemProxy section */

/* Begin PBXFileReference section */
		90518FAB2971BE0A00945A0B /* imageviewdemo.app */ = {isa = PBXFileReference; explicitFileType = wrapper.application; includeInIndex = 0; path = imageviewdemo.app; sourceTree = BUILT_PRODUCTS_DIR; };
		90518FAE2971BE0A00945A0B /* AppDelegate.swift */ = {isa = PBXFileReference; lastKnownFileType = sourcecode.swift; path = AppDelegate.swift; sourceTree = "<group>"; };
		90518FB02971BE0A00945A0B /* SceneDelegate.swift */ = {isa = PBXFileReference; lastKnownFileType = sourcecode.swift; path = SceneDelegate.swift; sourceTree = "<group>"; };
		90518FB22971BE0A00945A0B /* ViewController.swift */ = {isa = PBXFileReference; lastKnownFileType = sourcecode.swift; path = ViewController.swift; sourceTree = "<group>"; };
		90518FB52971BE0A00945A0B /* Base */ = {isa = PBXFileReference; lastKnownFileType = file.storyboard; name = Base; path = Base.lproj/Main.storyboard; sourceTree = "<group>"; };
		90518FB72971BE1100945A0B /* Assets.xcassets */ = {isa = PBXFileReference; lastKnownFileType = folder.assetcatalog; path = Assets.xcassets; sourceTree = "<group>"; };
		90518FBA2971BE1100945A0B /* Base */ = {isa = PBXFileReference; lastKnownFileType = file.storyboard; name = Base; path = Base.lproj/LaunchScreen.storyboard; sourceTree = "<group>"; };
		90518FBC2971BE1100945A0B /* Info.plist */ = {isa = PBXFileReference; lastKnownFileType = text.plist.xml; path = Info.plist; sourceTree = "<group>"; };
		90518FC12971BE1100945A0B /* imageviewdemoTests.xctest */ = {isa = PBXFileReference; explicitFileType = wrapper.cfbundle; includeInIndex = 0; path = imageviewdemoTests.xctest; sourceTree = BUILT_PRODUCTS_DIR; };
		90518FC52971BE1100945A0B /* imageviewdemoTests.swift */ = {isa = PBXFileReference; lastKnownFileType = sourcecode.swift; path = imageviewdemoTests.swift; sourceTree = "<group>"; };
		90518FCB2971BE1100945A0B /* imageviewdemoUITests.xctest */ = {isa = PBXFileReference; explicitFileType = wrapper.cfbundle; includeInIndex = 0; path = imageviewdemoUITests.xctest; sourceTree = BUILT_PRODUCTS_DIR; };
		90518FCF2971BE1100945A0B /* imageviewdemoUITests.swift */ = {isa = PBXFileReference; lastKnownFileType = sourcecode.swift; path = imageviewdemoUITests.swift; sourceTree = "<group>"; };
		90518FD12971BE1100945A0B /* imageviewdemoUITestsLaunchTests.swift */ = {isa = PBXFileReference; lastKnownFileType = sourcecode.swift; path = imageviewdemoUITestsLaunchTests.swift; sourceTree = "<group>"; };
/* End PBXFileReference section */

/* Begin PBXFrameworksBuildPhase section */
		90518FA82971BE0A00945A0B /* Frameworks */ = {
			isa = PBXFrameworksBuildPhase;
			buildActionMask = 2147483647;
			files = (
			);
			runOnlyForDeploymentPostprocessing = 0;
		};
		90518FBE2971BE1100945A0B /* Frameworks */ = {
			isa = PBXFrameworksBuildPhase;
			buildActionMask = 2147483647;
			files = (
			);
			runOnlyForDeploymentPostprocessing = 0;
		};
		90518FC82971BE1100945A0B /* Frameworks */ = {
			isa = PBXFrameworksBuildPhase;
			buildActionMask = 2147483647;
			files = (
			);
			runOnlyForDeploymentPostprocessing = 0;
		};
/* End PBXFrameworksBuildPhase section */

/* Begin PBXGroup section */
		90518FA22971BE0A00945A0B = {
			isa = PBXGroup;
			children = (
				90518FAD2971BE0A00945A0B /* imageviewdemo */,
				90518FC42971BE1100945A0B /* imageviewdemoTests */,
				90518FCE2971BE1100945A0B /* imageviewdemoUITests */,
				90518FAC2971BE0A00945A0B /* Products */,
			);
			sourceTree = "<group>";
		};
		90518FAC2971BE0A00945A0B /* Products */ = {
			isa = PBXGroup;
			children = (
				90518FAB2971BE0A00945A0B /* imageviewdemo.app */,
				90518FC12971BE1100945A0B /* imageviewdemoTests.xctest */,
				90518FCB2971BE1100945A0B /* imageviewdemoUITests.xctest */,
			);
			name = Products;
			sourceTree = "<group>";
		};
		90518FAD2971BE0A00945A0B /* imageviewdemo */ = {
			isa = PBXGroup;
			children = (
				90518FAE2971BE0A00945A0B /* AppDelegate.swift */,
				90518FB02971BE0A00945A0B /* SceneDelegate.swift */,
				90518FB22971BE0A00945A0B /* ViewController.swift */,
				90518FB42971BE0A00945A0B /* Main.storyboard */,
				90518FB72971BE1100945A0B /* Assets.xcassets */,
				90518FB92971BE1100945A0B /* LaunchScreen.storyboard */,
				90518FBC2971BE1100945A0B /* Info.plist */,
			);
			path = imageviewdemo;
			sourceTree = "<group>";
		};
		90518FC42971BE1100945A0B /* imageviewdemoTests */ = {
			isa = PBXGroup;
			children = (
				90518FC52971BE1100945A0B /* imageviewdemoTests.swift */,
			);
			path = imageviewdemoTests;
			sourceTree = "<group>";
		};
		90518FCE2971BE1100945A0B /* imageviewdemoUITests */ = {
			isa = PBXGroup;
			children = (
				90518FCF2971BE1100945A0B /* imageviewdemoUITests.swift */,
				90518FD12971BE1100945A0B /* imageviewdemoUITestsLaunchTests.swift */,
			);
			path = imageviewdemoUITests;
			sourceTree = "<group>";
		};
/* End PBXGroup section */

/* Begin PBXNativeTarget section */
		90518FAA2971BE0A00945A0B /* imageviewdemo */ = {
			isa = PBXNativeTarget;
			buildConfigurationList = 90518FD52971BE1100945A0B /* Build configuration list for PBXNativeTarget "imageviewdemo" */;
			buildPhases = (
				90518FA72971BE0A00945A0B /* Sources */,
				90518FA82971BE0A00945A0B /* Frameworks */,
				90518FA92971BE0A00945A0B /* Resources */,
			);
			buildRules = (
			);
			dependencies = (
			);
			name = imageviewdemo;
			productName = imageviewdemo;
			productReference = 90518FAB2971BE0A00945A0B /* imageviewdemo.app */;
			productType = "com.apple.product-type.application";
		};
		90518FC02971BE1100945A0B /* imageviewdemoTests */ = {
			isa = PBXNativeTarget;
			buildConfigurationList = 90518FD82971BE1100945A0B /* Build configuration list for PBXNativeTarget "imageviewdemoTests" */;
			buildPhases = (
				90518FBD2971BE1100945A0B /* Sources */,
				90518FBE2971BE1100945A0B /* Frameworks */,
				90518FBF2971BE1100945A0B /* Resources */,
			);
			buildRules = (
			);
			dependencies = (
				90518FC32971BE1100945A0B /* PBXTargetDependency */,
			);
			name = imageviewdemoTests;
			productName = imageviewdemoTests;
			productReference = 90518FC12971BE1100945A0B /* imageviewdemoTests.xctest */;
			productType = "com.apple.product-type.bundle.unit-test";
		};
		90518FCA2971BE1100945A0B /* imageviewdemoUITests */ = {
			isa = PBXNativeTarget;
			buildConfigurationList = 90518FDB2971BE1100945A0B /* Build configuration list for PBXNativeTarget "imageviewdemoUITests" */;
			buildPhases = (
				90518FC72971BE1100945A0B /* Sources */,
				90518FC82971BE1100945A0B /* Frameworks */,
				90518FC92971BE1100945A0B /* Resources */,
			);
			buildRules = (
			);
			dependencies = (
				90518FCD2971BE1100945A0B /* PBXTargetDependency */,
			);
			name = imageviewdemoUITests;
			productName = imageviewdemoUITests;
			productReference = 90518FCB2971BE1100945A0B /* imageviewdemoUITests.xctest */;
			productType = "com.apple.product-type.bundle.ui-testing";
		};
/* End PBXNativeTarget section */

/* Begin PBXProject section */
		90518FA32971BE0A00945A0B /* Project object */ = {
			isa = PBXProject;
			attributes = {
				BuildIndependentTargetsInParallel = 1;
				LastSwiftUpdateCheck = 1420;
				LastUpgradeCheck = 1420;
				TargetAttributes = {
					90518FAA2971BE0A00945A0B = {
						CreatedOnToolsVersion = 14.2;
					};
					90518FC02971BE1100945A0B = {
						CreatedOnToolsVersion = 14.2;
						TestTargetID = 90518FAA2971BE0A00945A0B;
					};
					90518FCA2971BE1100945A0B = {
						CreatedOnToolsVersion = 14.2;
						TestTargetID = 90518FAA2971BE0A00945A0B;
					};
				};
			};
			buildConfigurationList = 90518FA62971BE0A00945A0B /* Build configuration list for PBXProject "imageviewdemo" */;
			compatibilityVersion = "Xcode 14.0";
			developmentRegion = en;
			hasScannedForEncodings = 0;
			knownRegions = (
				en,
				Base,
			);
			mainGroup = 90518FA22971BE0A00945A0B;
			productRefGroup = 90518FAC2971BE0A00945A0B /* Products */;
			projectDirPath = "";
			projectRoot = "";
			targets = (
				90518FAA2971BE0A00945A0B /* imageviewdemo */,
				90518FC02971BE1100945A0B /* imageviewdemoTests */,
				90518FCA2971BE1100945A0B /* imageviewdemoUITests */,
			);
		};
/* End PBXProject section */

/* Begin PBXResourcesBuildPhase section */
		90518FA92971BE0A00945A0B /* Resources */ = {
			isa = PBXResourcesBuildPhase;
			buildActionMask = 2147483647;
			files = (
				90518FBB2971BE1100945A0B /* LaunchScreen.storyboard in Resources */,
				90518FB82971BE1100945A0B /* Assets.xcassets in Resources */,
				90518FB62971BE0A00945A0B /* Main.storyboard in Resources */,
			);
			runOnlyForDeploymentPostprocessing = 0;
		};
		90518FBF2971BE1100945A0B /* Resources */ = {
			isa = PBXResourcesBuildPhase;
			buildActionMask = 2147483647;
			files = (
			);
			runOnlyForDeploymentPostprocessing = 0;
		};
		90518FC92971BE1100945A0B /* Resources */ = {
			isa = PBXResourcesBuildPhase;
			buildActionMask = 2147483647;
			files = (
			);
			runOnlyForDeploymentPostprocessing = 0;
		};
/* End PBXResourcesBuildPhase section */

/* Begin PBXSourcesBuildPhase section */
		90518FA72971BE0A00945A0B /* Sources */ = {
			isa = PBXSourcesBuildPhase;
			buildActionMask = 2147483647;
			files = (
				90518FB32971BE0A00945A0B /* ViewController.swift in Sources */,
				90518FAF2971BE0A00945A0B /* AppDelegate.swift in Sources */,
				90518FB12971BE0A00945A0B /* SceneDelegate.swift in Sources */,
			);
			runOnlyForDeploymentPostprocessing = 0;
		};
		90518FBD2971BE1100945A0B /* Sources */ = {
			isa = PBXSourcesBuildPhase;
			buildActionMask = 2147483647;
			files = (
				90518FC62971BE1100945A0B /* imageviewdemoTests.swift in Sources */,
			);
			runOnlyForDeploymentPostprocessing = 0;
		};
		90518FC72971BE1100945A0B /* Sources */ = {
			isa = PBXSourcesBuildPhase;
			buildActionMask = 2147483647;
			files = (
				90518FD22971BE1100945A0B /* imageviewdemoUITestsLaunchTests.swift in Sources */,
				90518FD02971BE1100945A0B /* imageviewdemoUITests.swift in Sources */,
			);
			runOnlyForDeploymentPostprocessing = 0;
		};
/* End PBXSourcesBuildPhase section */

/* Begin PBXTargetDependency section */
		90518FC32971BE1100945A0B /* PBXTargetDependency */ = {
			isa = PBXTargetDependency;
			target = 90518FAA2971BE0A00945A0B /* imageviewdemo */;
			targetProxy = 90518FC22971BE1100945A0B /* PBXContainerItemProxy */;
		};
		90518FCD2971BE1100945A0B /* PBXTargetDependency */ = {
			isa = PBXTargetDependency;
			target = 90518FAA2971BE0A00945A0B /* imageviewdemo */;
			targetProxy = 90518FCC2971BE1100945A0B /* PBXContainerItemProxy */;
		};
/* End PBXTargetDependency section */

/* Begin PBXVariantGroup section */
		90518FB42971BE0A00945A0B /* Main.storyboard */ = {
			isa = PBXVariantGroup;
			children = (
				90518FB52971BE0A00945A0B /* Base */,
			);
			name = Main.storyboard;
			sourceTree = "<group>";
		};
		90518FB92971BE1100945A0B /* LaunchScreen.storyboard */ = {
			isa = PBXVariantGroup;
			children = (
				90518FBA2971BE1100945A0B /* Base */,
			);
			name = LaunchScreen.storyboard;
			sourceTree = "<group>";
		};
/* End PBXVariantGroup section */

/* Begin XCBuildConfiguration section */
		90518FD32971BE1100945A0B /* Debug */ = {
			isa = XCBuildConfiguration;
			buildSettings = {
				ALWAYS_SEARCH_USER_PATHS = NO;
				CLANG_ANALYZER_NONNULL = YES;
				CLANG_ANALYZER_NUMBER_OBJECT_CONVERSION = YES_AGGRESSIVE;
				CLANG_CXX_LANGUAGE_STANDARD = "gnu++20";
				CLANG_ENABLE_MODULES = YES;
				CLANG_ENABLE_OBJC_ARC = YES;
				CLANG_ENABLE_OBJC_WEAK = YES;
				CLANG_WARN_BLOCK_CAPTURE_AUTORELEASING = YES;
				CLANG_WARN_BOOL_CONVERSION = YES;
				CLANG_WARN_COMMA = YES;
				CLANG_WARN_CONSTANT_CONVERSION = YES;
				CLANG_WARN_DEPRECATED_OBJC_IMPLEMENTATIONS = YES;
				CLANG_WARN_DIRECT_OBJC_ISA_USAGE = YES_ERROR;
				CLANG_WARN_DOCUMENTATION_COMMENTS = YES;
				CLANG_WARN_EMPTY_BODY = YES;
				CLANG_WARN_ENUM_CONVERSION = YES;
				CLANG_WARN_INFINITE_RECURSION = YES;
				CLANG_WARN_INT_CONVERSION = YES;
				CLANG_WARN_NON_LITERAL_NULL_CONVERSION = YES;
				CLANG_WARN_OBJC_IMPLICIT_RETAIN_SELF = YES;
				CLANG_WARN_OBJC_LITERAL_CONVERSION = YES;
				CLANG_WARN_OBJC_ROOT_CLASS = YES_ERROR;
				CLANG_WARN_QUOTED_INCLUDE_IN_FRAMEWORK_HEADER = YES;
				CLANG_WARN_RANGE_LOOP_ANALYSIS = YES;
				CLANG_WARN_STRICT_PROTOTYPES = YES;
				CLANG_WARN_SUSPICIOUS_MOVE = YES;
				CLANG_WARN_UNGUARDED_AVAILABILITY = YES_AGGRESSIVE;
				CLANG_WARN_UNREACHABLE_CODE = YES;
				CLANG_WARN__DUPLICATE_METHOD_MATCH = YES;
				COPY_PHASE_STRIP = NO;
				DEBUG_INFORMATION_FORMAT = dwarf;
				ENABLE_STRICT_OBJC_MSGSEND = YES;
				ENABLE_TESTABILITY = YES;
				GCC_C_LANGUAGE_STANDARD = gnu11;
				GCC_DYNAMIC_NO_PIC = NO;
				GCC_NO_COMMON_BLOCKS = YES;
				GCC_OPTIMIZATION_LEVEL = 0;
				GCC_PREPROCESSOR_DEFINITIONS = (
					"DEBUG=1",
					"$(inherited)",
				);
				GCC_WARN_64_TO_32_BIT_CONVERSION = YES;
				GCC_WARN_ABOUT_RETURN_TYPE = YES_ERROR;
				GCC_WARN_UNDECLARED_SELECTOR = YES;
				GCC_WARN_UNINITIALIZED_AUTOS = YES_AGGRESSIVE;
				GCC_WARN_UNUSED_FUNCTION = YES;
				GCC_WARN_UNUSED_VARIABLE = YES;
				IPHONEOS_DEPLOYMENT_TARGET = 16.2;
				MTL_ENABLE_DEBUG_INFO = INCLUDE_SOURCE;
				MTL_FAST_MATH = YES;
				ONLY_ACTIVE_ARCH = YES;
				SDKROOT = iphoneos;
				SWIFT_ACTIVE_COMPILATION_CONDITIONS = DEBUG;
				SWIFT_OPTIMIZATION_LEVEL = "-Onone";
			};
			name = Debug;
		};
		90518FD42971BE1100945A0B /* Release */ = {
			isa = XCBuildConfiguration;
			buildSettings = {
				ALWAYS_SEARCH_USER_PATHS = NO;
				CLANG_ANALYZER_NONNULL = YES;
				CLANG_ANALYZER_NUMBER_OBJECT_CONVERSION = YES_AGGRESSIVE;
				CLANG_CXX_LANGUAGE_STANDARD = "gnu++20";
				CLANG_ENABLE_MODULES = YES;
				CLANG_ENABLE_OBJC_ARC = YES;
				CLANG_ENABLE_OBJC_WEAK = YES;
				CLANG_WARN_BLOCK_CAPTURE_AUTORELEASING = YES;
				CLANG_WARN_BOOL_CONVERSION = YES;
				CLANG_WARN_COMMA = YES;
				CLANG_WARN_CONSTANT_CONVERSION = YES;
				CLANG_WARN_DEPRECATED_OBJC_IMPLEMENTATIONS = YES;
				CLANG_WARN_DIRECT_OBJC_ISA_USAGE = YES_ERROR;
				CLANG_WARN_DOCUMENTATION_COMMENTS = YES;
				CLANG_WARN_EMPTY_BODY = YES;
				CLANG_WARN_ENUM_CONVERSION = YES;
				CLANG_WARN_INFINITE_RECURSION = YES;
				CLANG_WARN_INT_CONVERSION = YES;
				CLANG_WARN_NON_LITERAL_NULL_CONVERSION = YES;
				CLANG_WARN_OBJC_IMPLICIT_RETAIN_SELF = YES;
				CLANG_WARN_OBJC_LITERAL_CONVERSION = YES;
				CLANG_WARN_OBJC_ROOT_CLASS = YES_ERROR;
				CLANG_WARN_QUOTED_INCLUDE_IN_FRAMEWORK_HEADER = YES;
				CLANG_WARN_RANGE_LOOP_ANALYSIS = YES;
				CLANG_WARN_STRICT_PROTOTYPES = YES;
				CLANG_WARN_SUSPICIOUS_MOVE = YES;
				CLANG_WARN_UNGUARDED_AVAILABILITY = YES_AGGRESSIVE;
				CLANG_WARN_UNREACHABLE_CODE = YES;
				CLANG_WARN__DUPLICATE_METHOD_MATCH = YES;
				COPY_PHASE_STRIP = NO;
				DEBUG_INFORMATION_FORMAT = "dwarf-with-dsym";
				ENABLE_NS_ASSERTIONS = NO;
				ENABLE_STRICT_OBJC_MSGSEND = YES;
				GCC_C_LANGUAGE_STANDARD = gnu11;
				GCC_NO_COMMON_BLOCKS = YES;
				GCC_WARN_64_TO_32_BIT_CONVERSION = YES;
				GCC_WARN_ABOUT_RETURN_TYPE = YES_ERROR;
				GCC_WARN_UNDECLARED_SELECTOR = YES;
				GCC_WARN_UNINITIALIZED_AUTOS = YES_AGGRESSIVE;
				GCC_WARN_UNUSED_FUNCTION = YES;
				GCC_WARN_UNUSED_VARIABLE = YES;
				IPHONEOS_DEPLOYMENT_TARGET = 16.2;
				MTL_ENABLE_DEBUG_INFO = NO;
				MTL_FAST_MATH = YES;
				SDKROOT = iphoneos;
				SWIFT_COMPILATION_MODE = wholemodule;
				SWIFT_OPTIMIZATION_LEVEL = "-O";
				VALIDATE_PRODUCT = YES;
			};
			name = Release;
		};
		90518FD62971BE1100945A0B /* Debug */ = {
			isa = XCBuildConfiguration;
			buildSettings = {
				ASSETCATALOG_COMPILER_APPICON_NAME = AppIcon;
				ASSETCATALOG_COMPILER_GLOBAL_ACCENT_COLOR_NAME = AccentColor;
				CODE_SIGN_STYLE = Automatic;
				CURRENT_PROJECT_VERSION = 1;
				DEVELOPMENT_TEAM = 423CC5K7N4;
				GENERATE_INFOPLIST_FILE = YES;
				INFOPLIST_FILE = imageviewdemo/Info.plist;
				INFOPLIST_KEY_UIApplicationSupportsIndirectInputEvents = YES;
				INFOPLIST_KEY_UILaunchStoryboardName = LaunchScreen;
				INFOPLIST_KEY_UIMainStoryboardFile = Main;
				INFOPLIST_KEY_UISupportedInterfaceOrientations_iPad = "UIInterfaceOrientationPortrait UIInterfaceOrientationPortraitUpsideDown UIInterfaceOrientationLandscapeLeft UIInterfaceOrientationLandscapeRight";
				INFOPLIST_KEY_UISupportedInterfaceOrientations_iPhone = "UIInterfaceOrientationPortrait UIInterfaceOrientationLandscapeLeft UIInterfaceOrientationLandscapeRight";
				LD_RUNPATH_SEARCH_PATHS = (
					"$(inherited)",
					"@executable_path/Frameworks",
				);
				MARKETING_VERSION = 1.0;
				PRODUCT_BUNDLE_IDENTIFIER = "futres-lab-crz.imageviewdemo";
				PRODUCT_NAME = "$(TARGET_NAME)";
				SWIFT_EMIT_LOC_STRINGS = YES;
				SWIFT_VERSION = 5.0;
				TARGETED_DEVICE_FAMILY = "1,2";
			};
			name = Debug;
		};
		90518FD72971BE1100945A0B /* Release */ = {
			isa = XCBuildConfiguration;
			buildSettings = {
				ASSETCATALOG_COMPILER_APPICON_NAME = AppIcon;
				ASSETCATALOG_COMPILER_GLOBAL_ACCENT_COLOR_NAME = AccentColor;
				CODE_SIGN_STYLE = Automatic;
				CURRENT_PROJECT_VERSION = 1;
				DEVELOPMENT_TEAM = 423CC5K7N4;
				GENERATE_INFOPLIST_FILE = YES;
				INFOPLIST_FILE = imageviewdemo/Info.plist;
				INFOPLIST_KEY_UIApplicationSupportsIndirectInputEvents = YES;
				INFOPLIST_KEY_UILaunchStoryboardName = LaunchScreen;
				INFOPLIST_KEY_UIMainStoryboardFile = Main;
				INFOPLIST_KEY_UISupportedInterfaceOrientations_iPad = "UIInterfaceOrientationPortrait UIInterfaceOrientationPortraitUpsideDown UIInterfaceOrientationLandscapeLeft UIInterfaceOrientationLandscapeRight";
				INFOPLIST_KEY_UISupportedInterfaceOrientations_iPhone = "UIInterfaceOrientationPortrait UIInterfaceOrientationLandscapeLeft UIInterfaceOrientationLandscapeRight";
				LD_RUNPATH_SEARCH_PATHS = (
					"$(inherited)",
					"@executable_path/Frameworks",
				);
				MARKETING_VERSION = 1.0;
				PRODUCT_BUNDLE_IDENTIFIER = "futres-lab-crz.imageviewdemo";
				PRODUCT_NAME = "$(TARGET_NAME)";
				SWIFT_EMIT_LOC_STRINGS = YES;
				SWIFT_VERSION = 5.0;
				TARGETED_DEVICE_FAMILY = "1,2";
			};
			name = Release;
		};
		90518FD92971BE1100945A0B /* Debug */ = {
			isa = XCBuildConfiguration;
			buildSettings = {
				ALWAYS_EMBED_SWIFT_STANDARD_LIBRARIES = YES;
				BUNDLE_LOADER = "$(TEST_HOST)";
				CODE_SIGN_STYLE = Automatic;
				CURRENT_PROJECT_VERSION = 1;
				DEVELOPMENT_TEAM = 423CC5K7N4;
				GENERATE_INFOPLIST_FILE = YES;
				IPHONEOS_DEPLOYMENT_TARGET = 16.2;
				MARKETING_VERSION = 1.0;
				PRODUCT_BUNDLE_IDENTIFIER = "futres-lab-crz.imageviewdemoTests";
				PRODUCT_NAME = "$(TARGET_NAME)";
				SWIFT_EMIT_LOC_STRINGS = NO;
				SWIFT_VERSION = 5.0;
				TARGETED_DEVICE_FAMILY = "1,2";
				TEST_HOST = "$(BUILT_PRODUCTS_DIR)/imageviewdemo.app/$(BUNDLE_EXECUTABLE_FOLDER_PATH)/imageviewdemo";
			};
			name = Debug;
		};
		90518FDA2971BE1100945A0B /* Release */ = {
			isa = XCBuildConfiguration;
			buildSettings = {
				ALWAYS_EMBED_SWIFT_STANDARD_LIBRARIES = YES;
				BUNDLE_LOADER = "$(TEST_HOST)";
				CODE_SIGN_STYLE = Automatic;
				CURRENT_PROJECT_VERSION = 1;
				DEVELOPMENT_TEAM = 423CC5K7N4;
				GENERATE_INFOPLIST_FILE = YES;
				IPHONEOS_DEPLOYMENT_TARGET = 16.2;
				MARKETING_VERSION = 1.0;
				PRODUCT_BUNDLE_IDENTIFIER = "futres-lab-crz.imageviewdemoTests";
				PRODUCT_NAME = "$(TARGET_NAME)";
				SWIFT_EMIT_LOC_STRINGS = NO;
				SWIFT_VERSION = 5.0;
				TARGETED_DEVICE_FAMILY = "1,2";
				TEST_HOST = "$(BUILT_PRODUCTS_DIR)/imageviewdemo.app/$(BUNDLE_EXECUTABLE_FOLDER_PATH)/imageviewdemo";
			};
			name = Release;
		};
		90518FDC2971BE1100945A0B /* Debug */ = {
			isa = XCBuildConfiguration;
			buildSettings = {
				ALWAYS_EMBED_SWIFT_STANDARD_LIBRARIES = YES;
				CODE_SIGN_STYLE = Automatic;
				CURRENT_PROJECT_VERSION = 1;
				DEVELOPMENT_TEAM = 423CC5K7N4;
				GENERATE_INFOPLIST_FILE = YES;
				MARKETING_VERSION = 1.0;
				PRODUCT_BUNDLE_IDENTIFIER = "futres-lab-crz.imageviewdemoUITests";
				PRODUCT_NAME = "$(TARGET_NAME)";
				SWIFT_EMIT_LOC_STRINGS = NO;
				SWIFT_VERSION = 5.0;
				TARGETED_DEVICE_FAMILY = "1,2";
				TEST_TARGET_NAME = imageviewdemo;
			};
			name = Debug;
		};
		90518FDD2971BE1100945A0B /* Release */ = {
			isa = XCBuildConfiguration;
			buildSettings = {
				ALWAYS_EMBED_SWIFT_STANDARD_LIBRARIES = YES;
				CODE_SIGN_STYLE = Automatic;
				CURRENT_PROJECT_VERSION = 1;
				DEVELOPMENT_TEAM = 423CC5K7N4;
				GENERATE_INFOPLIST_FILE = YES;
				MARKETING_VERSION = 1.0;
				PRODUCT_BUNDLE_IDENTIFIER = "futres-lab-crz.imageviewdemoUITests";
				PRODUCT_NAME = "$(TARGET_NAME)";
				SWIFT_EMIT_LOC_STRINGS = NO;
				SWIFT_VERSION = 5.0;
				TARGETED_DEVICE_FAMILY = "1,2";
				TEST_TARGET_NAME = imageviewdemo;
			};
			name = Release;
		};
/* End XCBuildConfiguration section */

/* Begin XCConfigurationList section */
		90518FA62971BE0A00945A0B /* Build configuration list for PBXProject "imageviewdemo" */ = {
			isa = XCConfigurationList;
			buildConfigurations = (
				90518FD32971BE1100945A0B /* Debug */,
				90518FD42971BE1100945A0B /* Release */,
			);
			defaultConfigurationIsVisible = 0;
			defaultConfigurationName = Release;
		};
		90518FD52971BE1100945A0B /* Build configuration list for PBXNativeTarget "imageviewdemo" */ = {
			isa = XCConfigurationList;
			buildConfigurations = (
				90518FD62971BE1100945A0B /* Debug */,
				90518FD72971BE1100945A0B /* Release */,
			);
			defaultConfigurationIsVisible = 0;
			defaultConfigurationName = Release;
		};
		90518FD82971BE1100945A0B /* Build configuration list for PBXNativeTarget "imageviewdemoTests" */ = {
			isa = XCConfigurationList;
			buildConfigurations = (
				90518FD92971BE1100945A0B /* Debug */,
				90518FDA2971BE1100945A0B /* Release */,
			);
			defaultConfigurationIsVisible = 0;
			defaultConfigurationName = Release;
		};
		90518FDB2971BE1100945A0B /* Build configuration list for PBXNativeTarget "imageviewdemoUITests" */ = {
			isa = XCConfigurationList;
			buildConfigurations = (
				90518FDC2971BE1100945A0B /* Debug */,
				90518FDD2971BE1100945A0B /* Release */,
			);
			defaultConfigurationIsVisible = 0;
			defaultConfigurationName = Release;
		};
/* End XCConfigurationList section */
	};
	rootObject = 90518FA32971BE0A00945A0B /* Project object */;
}
